// !$*UTF8*$!
{
	archiveVersion = 1;
	classes = {
	};
	objectVersion = 55;
	objects = {

/* Begin PBXBuildFile section */
		0ECD0555391025B64E1E1821 /* AsyncImageHelpers.swift in Sources */ = {isa = PBXBuildFile; fileRef = 1D9C1F7A9534A29650084955 /* AsyncImageHelpers.swift */; };
		1A8247FA515E3AAA25B051D7 /* ImageLoader.swift in Sources */ = {isa = PBXBuildFile; fileRef = A9010145C92B781DF046636A /* ImageLoader.swift */; };
		2FEC625815BC41C1FA265FB4 /* InfoPanelView.swift in Sources */ = {isa = PBXBuildFile; fileRef = 9CE4EC4C35AB1B1464263AD9 /* InfoPanelView.swift */; };
		326D0AB5299418A4B4BDC54F /* CaptureFolderState.swift in Sources */ = {isa = PBXBuildFile; fileRef = C6E0BB9E2E238C9A758C8AD5 /* CaptureFolderState.swift */; };
		40F09318BFEF57024D54F9F6 /* Assets.xcassets in Resources */ = {isa = PBXBuildFile; fileRef = 1BE0A78E483E32EBB1AEE726 /* Assets.xcassets */; };
		5803052128AE350215885646 /* TriggerEveryTimer.swift in Sources */ = {isa = PBXBuildFile; fileRef = B82D4E36A29EF14A16BF243F /* TriggerEveryTimer.swift */; };
		6BDBF926054B705CFD5BA369 /* CaptureFoldersView.swift in Sources */ = {isa = PBXBuildFile; fileRef = 33500B4F3D6E1A3D8A5648B3 /* CaptureFoldersView.swift */; };
		7CEC2542B71C4075A4B46081 /* CameraView.swift in Sources */ = {isa = PBXBuildFile; fileRef = 398C0383FB903C008488298B /* CameraView.swift */; };
		7E22CDE03C3288E67ADF0CE2 /* TuistBundle+Capture.swift in Sources */ = {isa = PBXBuildFile; fileRef = F14D6D9AA425DE922231F817 /* TuistBundle+Capture.swift */; };
		9391D59C5F280F7A079C8F69 /* CameraViewModel.swift in Sources */ = {isa = PBXBuildFile; fileRef = 08ECB9AC8634CBC62FD017D1 /* CameraViewModel.swift */; };
		9E5387B7EDCB02D288AD7C66 /* TimerView.swift in Sources */ = {isa = PBXBuildFile; fileRef = 57988B233F4EB3439EA95785 /* TimerView.swift */; };
		A1142E21F1E80BB0C2AE5583 /* PhotoCaptureDelegate.swift in Sources */ = {isa = PBXBuildFile; fileRef = 16B0F423CA334244FA20E216 /* PhotoCaptureDelegate.swift */; };
		C370C5D5DC2B1148221168E6 /* CaptureInfo.swift in Sources */ = {isa = PBXBuildFile; fileRef = EE4A6B64E13C5F0BE90312A5 /* CaptureInfo.swift */; };
		C6272A9AA8FDECC929BDD344 /* TuistAssets+Capture.swift in Sources */ = {isa = PBXBuildFile; fileRef = 8E8CBE575BB24E2F216C6254 /* TuistAssets+Capture.swift */; };
		CB447E0178E23F9541A0925C /* Capture.swift in Sources */ = {isa = PBXBuildFile; fileRef = D2785FE54A5338B4BD592142 /* Capture.swift */; };
		CEDF105419F42A9A8120F305 /* HelpPageView.swift in Sources */ = {isa = PBXBuildFile; fileRef = B4F1B6BB1DA9A017E7090CE3 /* HelpPageView.swift */; };
		D4388FDB8E63C32DA9681CD4 /* CaptureSampleApp.swift in Sources */ = {isa = PBXBuildFile; fileRef = 7A88EADBC8E69C983C35A9B1 /* CaptureSampleApp.swift */; };
		E45F3B128A5ABC88CCC25836 /* CameraPreviewView.swift in Sources */ = {isa = PBXBuildFile; fileRef = BD9592273E7AA93B7880E026 /* CameraPreviewView.swift */; };
		EB39B06F977287183600EB0B /* Preview Assets.xcassets in Resources */ = {isa = PBXBuildFile; fileRef = D5F655C1660D794EB960AF8D /* Preview Assets.xcassets */; };
		FF12E18E41A7C79EA3983B56 /* CaptureGalleryView.swift in Sources */ = {isa = PBXBuildFile; fileRef = ABCCF5B238F457E6F4AA6EEE /* CaptureGalleryView.swift */; };
		FF83D408F36BC6F28D7CC044 /* ContentView.swift in Sources */ = {isa = PBXBuildFile; fileRef = C135DB8CAA3D011356747AC8 /* ContentView.swift */; };
/* End PBXBuildFile section */

/* Begin PBXCopyFilesBuildPhase section */
		F908047DB84A1C015A14DBCC /* Embed Frameworks */ = {
			isa = PBXCopyFilesBuildPhase;
			buildActionMask = 2147483647;
			dstPath = "";
			dstSubfolderSpec = 10;
			files = (
			);
			name = "Embed Frameworks";
			runOnlyForDeploymentPostprocessing = 0;
		};
/* End PBXCopyFilesBuildPhase section */

/* Begin PBXFileReference section */
		08ECB9AC8634CBC62FD017D1 /* CameraViewModel.swift */ = {isa = PBXFileReference; lastKnownFileType = sourcecode.swift; path = CameraViewModel.swift; sourceTree = "<group>"; };
		16B0F423CA334244FA20E216 /* PhotoCaptureDelegate.swift */ = {isa = PBXFileReference; lastKnownFileType = sourcecode.swift; path = PhotoCaptureDelegate.swift; sourceTree = "<group>"; };
		1BE0A78E483E32EBB1AEE726 /* Assets.xcassets */ = {isa = PBXFileReference; lastKnownFileType = folder.assetcatalog; path = Assets.xcassets; sourceTree = "<group>"; };
		1D9C1F7A9534A29650084955 /* AsyncImageHelpers.swift */ = {isa = PBXFileReference; lastKnownFileType = sourcecode.swift; path = AsyncImageHelpers.swift; sourceTree = "<group>"; };
		33500B4F3D6E1A3D8A5648B3 /* CaptureFoldersView.swift */ = {isa = PBXFileReference; lastKnownFileType = sourcecode.swift; path = CaptureFoldersView.swift; sourceTree = "<group>"; };
		398C0383FB903C008488298B /* CameraView.swift */ = {isa = PBXFileReference; lastKnownFileType = sourcecode.swift; path = CameraView.swift; sourceTree = "<group>"; };
		57988B233F4EB3439EA95785 /* TimerView.swift */ = {isa = PBXFileReference; lastKnownFileType = sourcecode.swift; path = TimerView.swift; sourceTree = "<group>"; };
		7A88EADBC8E69C983C35A9B1 /* CaptureSampleApp.swift */ = {isa = PBXFileReference; lastKnownFileType = sourcecode.swift; path = CaptureSampleApp.swift; sourceTree = "<group>"; };
		8E8CBE575BB24E2F216C6254 /* TuistAssets+Capture.swift */ = {isa = PBXFileReference; lastKnownFileType = sourcecode.swift; path = "TuistAssets+Capture.swift"; sourceTree = "<group>"; };
		9B8698009B3DCB07B5016F9F /* Capture-Info.plist */ = {isa = PBXFileReference; lastKnownFileType = text.plist; path = "Capture-Info.plist"; sourceTree = "<group>"; };
		9CE4EC4C35AB1B1464263AD9 /* InfoPanelView.swift */ = {isa = PBXFileReference; lastKnownFileType = sourcecode.swift; path = InfoPanelView.swift; sourceTree = "<group>"; };
		A9010145C92B781DF046636A /* ImageLoader.swift */ = {isa = PBXFileReference; lastKnownFileType = sourcecode.swift; path = ImageLoader.swift; sourceTree = "<group>"; };
		ABCCF5B238F457E6F4AA6EEE /* CaptureGalleryView.swift */ = {isa = PBXFileReference; lastKnownFileType = sourcecode.swift; path = CaptureGalleryView.swift; sourceTree = "<group>"; };
		B4F1B6BB1DA9A017E7090CE3 /* HelpPageView.swift */ = {isa = PBXFileReference; lastKnownFileType = sourcecode.swift; path = HelpPageView.swift; sourceTree = "<group>"; };
		B82D4E36A29EF14A16BF243F /* TriggerEveryTimer.swift */ = {isa = PBXFileReference; lastKnownFileType = sourcecode.swift; path = TriggerEveryTimer.swift; sourceTree = "<group>"; };
		BD9592273E7AA93B7880E026 /* CameraPreviewView.swift */ = {isa = PBXFileReference; lastKnownFileType = sourcecode.swift; path = CameraPreviewView.swift; sourceTree = "<group>"; };
		C135DB8CAA3D011356747AC8 /* ContentView.swift */ = {isa = PBXFileReference; lastKnownFileType = sourcecode.swift; path = ContentView.swift; sourceTree = "<group>"; };
		C4623242FA6C86B20AF78192 /* Debug.xcconfig */ = {isa = PBXFileReference; lastKnownFileType = text.xcconfig; path = Debug.xcconfig; sourceTree = "<group>"; };
		C6E0BB9E2E238C9A758C8AD5 /* CaptureFolderState.swift */ = {isa = PBXFileReference; lastKnownFileType = sourcecode.swift; path = CaptureFolderState.swift; sourceTree = "<group>"; };
		CD80DCF7BDF0068934959876 /* Capture.app */ = {isa = PBXFileReference; explicitFileType = wrapper.application; includeInIndex = 0; path = Capture.app; sourceTree = BUILT_PRODUCTS_DIR; };
		D2785FE54A5338B4BD592142 /* Capture.swift */ = {isa = PBXFileReference; lastKnownFileType = sourcecode.swift; path = Capture.swift; sourceTree = "<group>"; };
		D5F655C1660D794EB960AF8D /* Preview Assets.xcassets */ = {isa = PBXFileReference; lastKnownFileType = folder.assetcatalog; path = "Preview Assets.xcassets"; sourceTree = "<group>"; };
		EE4A6B64E13C5F0BE90312A5 /* CaptureInfo.swift */ = {isa = PBXFileReference; lastKnownFileType = sourcecode.swift; path = CaptureInfo.swift; sourceTree = "<group>"; };
		F14D6D9AA425DE922231F817 /* TuistBundle+Capture.swift */ = {isa = PBXFileReference; lastKnownFileType = sourcecode.swift; path = "TuistBundle+Capture.swift"; sourceTree = "<group>"; };
/* End PBXFileReference section */

/* Begin PBXFrameworksBuildPhase section */
		971773C756C05207836A893E /* Frameworks */ = {
			isa = PBXFrameworksBuildPhase;
			buildActionMask = 2147483647;
			files = (
			);
			runOnlyForDeploymentPostprocessing = 0;
		};
/* End PBXFrameworksBuildPhase section */

/* Begin PBXGroup section */
		11CB4CC4F2D2A172D577BC63 /* Preview Content */ = {
			isa = PBXGroup;
			children = (
				D5F655C1660D794EB960AF8D /* Preview Assets.xcassets */,
			);
			path = "Preview Content";
			sourceTree = "<group>";
		};
		3D31BB7EC4BAC4D1AB97B660 /* Project */ = {
			isa = PBXGroup;
			children = (
				9CDA4D17FE21E3CECEB0DE1B /* Capture */,
				CF725B9FDD70EAAA4B503E89 /* Derived */,
			);
			name = Project;
			sourceTree = "<group>";
		};
		4AC70F9C09F4A4B7C9B564F6 = {
			isa = PBXGroup;
			children = (
				3D31BB7EC4BAC4D1AB97B660 /* Project */,
				CF640FAC67A4C446F572E3BA /* Products */,
			);
			sourceTree = "<group>";
		};
		6E4285C5509DCDFAAFE65D9D /* Sources */ = {
			isa = PBXGroup;
			children = (
				1D9C1F7A9534A29650084955 /* AsyncImageHelpers.swift */,
				BD9592273E7AA93B7880E026 /* CameraPreviewView.swift */,
				398C0383FB903C008488298B /* CameraView.swift */,
				08ECB9AC8634CBC62FD017D1 /* CameraViewModel.swift */,
				D2785FE54A5338B4BD592142 /* Capture.swift */,
				C6E0BB9E2E238C9A758C8AD5 /* CaptureFolderState.swift */,
				33500B4F3D6E1A3D8A5648B3 /* CaptureFoldersView.swift */,
				ABCCF5B238F457E6F4AA6EEE /* CaptureGalleryView.swift */,
				EE4A6B64E13C5F0BE90312A5 /* CaptureInfo.swift */,
				7A88EADBC8E69C983C35A9B1 /* CaptureSampleApp.swift */,
				C135DB8CAA3D011356747AC8 /* ContentView.swift */,
				B4F1B6BB1DA9A017E7090CE3 /* HelpPageView.swift */,
				A9010145C92B781DF046636A /* ImageLoader.swift */,
				9CE4EC4C35AB1B1464263AD9 /* InfoPanelView.swift */,
				16B0F423CA334244FA20E216 /* PhotoCaptureDelegate.swift */,
				57988B233F4EB3439EA95785 /* TimerView.swift */,
				B82D4E36A29EF14A16BF243F /* TriggerEveryTimer.swift */,
			);
			path = Sources;
			sourceTree = "<group>";
		};
		77A503080943F0F916FBFAFF /* Resources */ = {
			isa = PBXGroup;
			children = (
				11CB4CC4F2D2A172D577BC63 /* Preview Content */,
				1BE0A78E483E32EBB1AEE726 /* Assets.xcassets */,
			);
			path = Resources;
			sourceTree = "<group>";
		};
		8B2B617349495A18C9BF2521 /* Sources */ = {
			isa = PBXGroup;
			children = (
				8E8CBE575BB24E2F216C6254 /* TuistAssets+Capture.swift */,
				F14D6D9AA425DE922231F817 /* TuistBundle+Capture.swift */,
			);
			path = Sources;
			sourceTree = "<group>";
		};
		9CDA4D17FE21E3CECEB0DE1B /* Capture */ = {
			isa = PBXGroup;
			children = (
				77A503080943F0F916FBFAFF /* Resources */,
				6E4285C5509DCDFAAFE65D9D /* Sources */,
				C4623242FA6C86B20AF78192 /* Debug.xcconfig */,
			);
			path = Capture;
			sourceTree = "<group>";
		};
		A85A12579D14E66E76466CAF /* InfoPlists */ = {
			isa = PBXGroup;
			children = (
				9B8698009B3DCB07B5016F9F /* Capture-Info.plist */,
			);
			path = InfoPlists;
			sourceTree = "<group>";
		};
		CF640FAC67A4C446F572E3BA /* Products */ = {
			isa = PBXGroup;
			children = (
				CD80DCF7BDF0068934959876 /* Capture.app */,
			);
			name = Products;
			sourceTree = "<group>";
		};
		CF725B9FDD70EAAA4B503E89 /* Derived */ = {
			isa = PBXGroup;
			children = (
				A85A12579D14E66E76466CAF /* InfoPlists */,
				8B2B617349495A18C9BF2521 /* Sources */,
			);
			path = Derived;
			sourceTree = "<group>";
		};
/* End PBXGroup section */

/* Begin PBXNativeTarget section */
		DC6499D87529CA8335C929CC /* Capture */ = {
			isa = PBXNativeTarget;
			buildConfigurationList = 5EA595F5506025E654FB8B7B /* Build configuration list for PBXNativeTarget "Capture" */;
			buildPhases = (
				DEB82D3F48FAE86445414926 /* Sources */,
				AF3F086D9D75A88EDCBE4608 /* Resources */,
				F908047DB84A1C015A14DBCC /* Embed Frameworks */,
				971773C756C05207836A893E /* Frameworks */,
			);
			buildRules = (
			);
			dependencies = (
			);
			name = Capture;
			productName = Capture;
			productReference = CD80DCF7BDF0068934959876 /* Capture.app */;
			productType = "com.apple.product-type.application";
		};
/* End PBXNativeTarget section */

/* Begin PBXProject section */
		5BD197F20F9BE9FA1DB477DD /* Project object */ = {
			isa = PBXProject;
			attributes = {
				BuildIndependentTargetsInParallel = YES;
				TargetAttributes = {
				};
			};
			buildConfigurationList = 0BE4C48CD92387D4C249DEBB /* Build configuration list for PBXProject "3DTakePhone" */;
			compatibilityVersion = "Xcode 14.0";
			developmentRegion = en;
			hasScannedForEncodings = 0;
			knownRegions = (
				Base,
				en,
			);
			mainGroup = 4AC70F9C09F4A4B7C9B564F6;
			productRefGroup = CF640FAC67A4C446F572E3BA /* Products */;
			projectDirPath = "";
			projectRoot = "";
			targets = (
				DC6499D87529CA8335C929CC /* Capture */,
			);
		};
/* End PBXProject section */

/* Begin PBXResourcesBuildPhase section */
		AF3F086D9D75A88EDCBE4608 /* Resources */ = {
			isa = PBXResourcesBuildPhase;
			buildActionMask = 2147483647;
			files = (
				40F09318BFEF57024D54F9F6 /* Assets.xcassets in Resources */,
				EB39B06F977287183600EB0B /* Preview Assets.xcassets in Resources */,
			);
			runOnlyForDeploymentPostprocessing = 0;
		};
/* End PBXResourcesBuildPhase section */

/* Begin PBXSourcesBuildPhase section */
		DEB82D3F48FAE86445414926 /* Sources */ = {
			isa = PBXSourcesBuildPhase;
			buildActionMask = 2147483647;
			files = (
				0ECD0555391025B64E1E1821 /* AsyncImageHelpers.swift in Sources */,
				E45F3B128A5ABC88CCC25836 /* CameraPreviewView.swift in Sources */,
				7CEC2542B71C4075A4B46081 /* CameraView.swift in Sources */,
				9391D59C5F280F7A079C8F69 /* CameraViewModel.swift in Sources */,
				CB447E0178E23F9541A0925C /* Capture.swift in Sources */,
				326D0AB5299418A4B4BDC54F /* CaptureFolderState.swift in Sources */,
				6BDBF926054B705CFD5BA369 /* CaptureFoldersView.swift in Sources */,
				FF12E18E41A7C79EA3983B56 /* CaptureGalleryView.swift in Sources */,
				C370C5D5DC2B1148221168E6 /* CaptureInfo.swift in Sources */,
				D4388FDB8E63C32DA9681CD4 /* CaptureSampleApp.swift in Sources */,
				FF83D408F36BC6F28D7CC044 /* ContentView.swift in Sources */,
				CEDF105419F42A9A8120F305 /* HelpPageView.swift in Sources */,
				1A8247FA515E3AAA25B051D7 /* ImageLoader.swift in Sources */,
				2FEC625815BC41C1FA265FB4 /* InfoPanelView.swift in Sources */,
				A1142E21F1E80BB0C2AE5583 /* PhotoCaptureDelegate.swift in Sources */,
				9E5387B7EDCB02D288AD7C66 /* TimerView.swift in Sources */,
				5803052128AE350215885646 /* TriggerEveryTimer.swift in Sources */,
				C6272A9AA8FDECC929BDD344 /* TuistAssets+Capture.swift in Sources */,
				7E22CDE03C3288E67ADF0CE2 /* TuistBundle+Capture.swift in Sources */,
			);
			runOnlyForDeploymentPostprocessing = 0;
		};
/* End PBXSourcesBuildPhase section */

/* Begin XCBuildConfiguration section */
		13A69DC079B1524295F2EE84 /* Debug */ = {
			isa = XCBuildConfiguration;
			buildSettings = {
				ASSETCATALOG_COMPILER_APPICON_NAME = AppIcon;
				CODE_SIGN_IDENTITY = "iPhone Developer";
				ENABLE_PREVIEWS = YES;
				INFOPLIST_FILE = "Derived/InfoPlists/Capture-Info.plist";
				LD_RUNPATH_SEARCH_PATHS = (
					"$(inherited)",
					"@executable_path/Frameworks",
				);
				PRODUCT_BUNDLE_IDENTIFIER = com.joker.take.photo.for.3d.object;
				PRODUCT_NAME = Capture;
				SDKROOT = iphoneos;
				SUPPORTS_MACCATALYST = NO;
				SUPPORTS_MAC_DESIGNED_FOR_IPHONE_IPAD = YES;
				SUPPORTS_XR_DESIGNED_FOR_IPHONE_IPAD = NO;
				SWIFT_ACTIVE_COMPILATION_CONDITIONS = (
					"$(inherited)",
					DEBUG,
				);
				SWIFT_COMPILATION_MODE = singlefile;
				SWIFT_OPTIMIZATION_LEVEL = "-Onone";
				SWIFT_VERSION = 5.0;
				TARGETED_DEVICE_FAMILY = "1,2";
			};
			name = Debug;
		};
		7710BDDA0DF66AE10D11CBC3 /* Debug */ = {
			isa = XCBuildConfiguration;
			baseConfigurationReference = C4623242FA6C86B20AF78192 /* Debug.xcconfig */;
			buildSettings = {
				ALWAYS_SEARCH_USER_PATHS = NO;
				CLANG_ANALYZER_LOCALIZABILITY_NONLOCALIZED = YES;
				CLANG_ANALYZER_NONNULL = YES;
				CLANG_ANALYZER_NUMBER_OBJECT_CONVERSION = YES_AGGRESSIVE;
				CLANG_CXX_LANGUAGE_STANDARD = "gnu++14";
				CLANG_CXX_LIBRARY = "libc++";
				CLANG_ENABLE_MODULES = YES;
				CLANG_ENABLE_OBJC_ARC = YES;
				CLANG_ENABLE_OBJC_WEAK = YES;
				CLANG_WARN_BLOCK_CAPTURE_AUTORELEASING = YES;
				CLANG_WARN_BOOL_CONVERSION = YES;
				CLANG_WARN_COMMA = YES;
				CLANG_WARN_CONSTANT_CONVERSION = YES;
				CLANG_WARN_DEPRECATED_OBJC_IMPLEMENTATIONS = YES;
				CLANG_WARN_DIRECT_OBJC_ISA_USAGE = YES_ERROR;
				CLANG_WARN_DOCUMENTATION_COMMENTS = YES;
				CLANG_WARN_EMPTY_BODY = YES;
				CLANG_WARN_ENUM_CONVERSION = YES;
				CLANG_WARN_INFINITE_RECURSION = YES;
				CLANG_WARN_INT_CONVERSION = YES;
				CLANG_WARN_NON_LITERAL_NULL_CONVERSION = YES;
				CLANG_WARN_OBJC_IMPLICIT_RETAIN_SELF = YES;
				CLANG_WARN_OBJC_LITERAL_CONVERSION = YES;
				CLANG_WARN_OBJC_ROOT_CLASS = YES_ERROR;
				CLANG_WARN_QUOTED_INCLUDE_IN_FRAMEWORK_HEADER = YES;
				CLANG_WARN_RANGE_LOOP_ANALYSIS = YES;
				CLANG_WARN_STRICT_PROTOTYPES = YES;
				CLANG_WARN_SUSPICIOUS_MOVE = YES;
				CLANG_WARN_UNGUARDED_AVAILABILITY = YES_AGGRESSIVE;
				CLANG_WARN_UNREACHABLE_CODE = YES;
				CLANG_WARN__DUPLICATE_METHOD_MATCH = YES;
				COPY_PHASE_STRIP = NO;
				DEAD_CODE_STRIPPING = YES;
				DEBUG_INFORMATION_FORMAT = dwarf;
				ENABLE_STRICT_OBJC_MSGSEND = YES;
				ENABLE_TESTABILITY = YES;
				GCC_C_LANGUAGE_STANDARD = gnu11;
				GCC_DYNAMIC_NO_PIC = NO;
				GCC_NO_COMMON_BLOCKS = YES;
				GCC_OPTIMIZATION_LEVEL = 0;
				GCC_PREPROCESSOR_DEFINITIONS = (
					"DEBUG=1",
					"$(inherited)",
				);
				GCC_WARN_64_TO_32_BIT_CONVERSION = YES;
				GCC_WARN_ABOUT_RETURN_TYPE = YES_ERROR;
				GCC_WARN_UNDECLARED_SELECTOR = YES;
				GCC_WARN_UNINITIALIZED_AUTOS = YES_AGGRESSIVE;
				GCC_WARN_UNUSED_FUNCTION = YES;
				GCC_WARN_UNUSED_VARIABLE = YES;
				MTL_ENABLE_DEBUG_INFO = YES;
				ONLY_ACTIVE_ARCH = YES;
				PRODUCT_NAME = "$(TARGET_NAME)";
			};
			name = Debug;
		};
/* End XCBuildConfiguration section */

/* Begin XCConfigurationList section */
		0BE4C48CD92387D4C249DEBB /* Build configuration list for PBXProject "3DTakePhone" */ = {
			isa = XCConfigurationList;
			buildConfigurations = (
				7710BDDA0DF66AE10D11CBC3 /* Debug */,
			);
			defaultConfigurationIsVisible = 0;
			defaultConfigurationName = Debug;
		};
		5EA595F5506025E654FB8B7B /* Build configuration list for PBXNativeTarget "Capture" */ = {
			isa = XCConfigurationList;
			buildConfigurations = (
				13A69DC079B1524295F2EE84 /* Debug */,
			);
			defaultConfigurationIsVisible = 0;
			defaultConfigurationName = Debug;
		};
/* End XCConfigurationList section */
	};
	rootObject = 5BD197F20F9BE9FA1DB477DD /* Project object */;
}
